// !$*UTF8*$!
{
	archiveVersion = 1;
	classes = {
	};
	objectVersion = 46;
	objects = {

/* Begin PBXBuildFile section */
		21B3D6B61691AB73001F9EEE /* main.cpp in Sources */ = {isa = PBXBuildFile; fileRef = 21B3D6B51691AB73001F9EEE /* main.cpp */; };
		21B3D6C91691ACF9001F9EEE /* machofile.cpp in Sources */ = {isa = PBXBuildFile; fileRef = 21B3D6C71691ACF9001F9EEE /* machofile.cpp */; };
/* End PBXBuildFile section */

/* Begin PBXCopyFilesBuildPhase section */
		21B3D6AF1691AB73001F9EEE /* CopyFiles */ = {
			isa = PBXCopyFilesBuildPhase;
			buildActionMask = 2147483647;
			dstPath = /usr/share/man/man1/;
			dstSubfolderSpec = 0;
			files = (
			);
			runOnlyForDeploymentPostprocessing = 1;
		};
/* End PBXCopyFilesBuildPhase section */

/* Begin PBXFileReference section */
		2105339E1691B58C00AFD740 /* README.md */ = {isa = PBXFileReference; fileEncoding = 4; lastKnownFileType = text; path = README.md; sourceTree = "<group>"; };
		21B3D6B11691AB73001F9EEE /* machofile */ = {isa = PBXFileReference; explicitFileType = "compiled.mach-o.executable"; includeInIndex = 0; path = machofile; sourceTree = BUILT_PRODUCTS_DIR; };
		21B3D6B51691AB73001F9EEE /* main.cpp */ = {isa = PBXFileReference; lastKnownFileType = sourcecode.cpp.cpp; path = main.cpp; sourceTree = "<group>"; };
		21B3D6C71691ACF9001F9EEE /* machofile.cpp */ = {isa = PBXFileReference; fileEncoding = 4; lastKnownFileType = sourcecode.cpp.cpp; path = machofile.cpp; sourceTree = "<group>"; };
		21B3D6C81691ACF9001F9EEE /* machofile.h */ = {isa = PBXFileReference; fileEncoding = 4; lastKnownFileType = sourcecode.c.h; path = machofile.h; sourceTree = "<group>"; };
/* End PBXFileReference section */

/* Begin PBXFrameworksBuildPhase section */
		21B3D6AE1691AB73001F9EEE /* Frameworks */ = {
			isa = PBXFrameworksBuildPhase;
			buildActionMask = 2147483647;
			files = (
			);
			runOnlyForDeploymentPostprocessing = 0;
		};
/* End PBXFrameworksBuildPhase section */

/* Begin PBXGroup section */
		21B3D6A61691AB73001F9EEE = {
			isa = PBXGroup;
			children = (
				2105339E1691B58C00AFD740 /* README.md */,
				21B3D6B41691AB73001F9EEE /* machofile */,
				21B3D6B21691AB73001F9EEE /* Products */,
			);
			sourceTree = "<group>";
		};
		21B3D6B21691AB73001F9EEE /* Products */ = {
			isa = PBXGroup;
			children = (
				21B3D6B11691AB73001F9EEE /* machofile */,
			);
			name = Products;
			sourceTree = "<group>";
		};
		21B3D6B41691AB73001F9EEE /* machofile */ = {
			isa = PBXGroup;
			children = (
				21B3D6C71691ACF9001F9EEE /* machofile.cpp */,
				21B3D6C81691ACF9001F9EEE /* machofile.h */,
				21B3D6B51691AB73001F9EEE /* main.cpp */,
			);
			path = machofile;
			sourceTree = "<group>";
		};
/* End PBXGroup section */

/* Begin PBXNativeTarget section */
		21B3D6B01691AB73001F9EEE /* machofile */ = {
			isa = PBXNativeTarget;
			buildConfigurationList = 21B3D6BB1691AB74001F9EEE /* Build configuration list for PBXNativeTarget "machofile" */;
			buildPhases = (
				21B3D6AD1691AB73001F9EEE /* Sources */,
				21B3D6AE1691AB73001F9EEE /* Frameworks */,
				21B3D6AF1691AB73001F9EEE /* CopyFiles */,
			);
			buildRules = (
			);
			dependencies = (
			);
			name = machofile;
			productName = machofile;
			productReference = 21B3D6B11691AB73001F9EEE /* machofile */;
			productType = "com.apple.product-type.tool";
		};
/* End PBXNativeTarget section */

/* Begin PBXProject section */
		21B3D6A81691AB73001F9EEE /* Project object */ = {
			isa = PBXProject;
			attributes = {
				LastUpgradeCheck = 0450;
				ORGANIZATIONNAME = Glenn;
			};
			buildConfigurationList = 21B3D6AB1691AB73001F9EEE /* Build configuration list for PBXProject "machofile" */;
			compatibilityVersion = "Xcode 3.2";
			developmentRegion = English;
			hasScannedForEncodings = 0;
			knownRegions = (
				en,
			);
			mainGroup = 21B3D6A61691AB73001F9EEE;
			productRefGroup = 21B3D6B21691AB73001F9EEE /* Products */;
			projectDirPath = "";
			projectRoot = "";
			targets = (
				21B3D6B01691AB73001F9EEE /* machofile */,
			);
		};
/* End PBXProject section */

/* Begin PBXSourcesBuildPhase section */
		21B3D6AD1691AB73001F9EEE /* Sources */ = {
			isa = PBXSourcesBuildPhase;
			buildActionMask = 2147483647;
			files = (
				21B3D6B61691AB73001F9EEE /* main.cpp in Sources */,
				21B3D6C91691ACF9001F9EEE /* machofile.cpp in Sources */,
			);
			runOnlyForDeploymentPostprocessing = 0;
		};
/* End PBXSourcesBuildPhase section */

/* Begin XCBuildConfiguration section */
		21B3D6B91691AB73001F9EEE /* Debug */ = {
			isa = XCBuildConfiguration;
			buildSettings = {
				ALWAYS_SEARCH_USER_PATHS = NO;
				ARCHS = "$(ARCHS_STANDARD_64_BIT)";
				CLANG_CXX_LANGUAGE_STANDARD = "compiler-default";
				CLANG_CXX_LIBRARY = "compiler-default";
				CLANG_ENABLE_OBJC_ARC = YES;
				CLANG_WARN_EMPTY_BODY = YES;
				CLANG_WARN__DUPLICATE_METHOD_MATCH = YES;
				COPY_PHASE_STRIP = NO;
				GCC_C_LANGUAGE_STANDARD = gnu99;
				GCC_DYNAMIC_NO_PIC = NO;
				GCC_ENABLE_OBJC_EXCEPTIONS = YES;
				GCC_OPTIMIZATION_LEVEL = 0;
				GCC_PREPROCESSOR_DEFINITIONS = (
					"DEBUG=1",
					"$(inherited)",
				);
				GCC_SYMBOLS_PRIVATE_EXTERN = NO;
				GCC_VERSION = com.apple.compilers.llvm.clang.1_0;
				GCC_WARN_64_TO_32_BIT_CONVERSION = YES;
				GCC_WARN_ABOUT_RETURN_TYPE = YES;
				GCC_WARN_UNINITIALIZED_AUTOS = YES;
				GCC_WARN_UNUSED_VARIABLE = YES;
				MACOSX_DEPLOYMENT_TARGET = "";
				ONLY_ACTIVE_ARCH = YES;
				SDKROOT = macosx;
			};
			name = Debug;
		};
		21B3D6BA1691AB73001F9EEE /* Release */ = {
			isa = XCBuildConfiguration;
			buildSettings = {
				ALWAYS_SEARCH_USER_PATHS = NO;
				ARCHS = "$(ARCHS_STANDARD_64_BIT)";
				CLANG_CXX_LANGUAGE_STANDARD = "compiler-default";
				CLANG_CXX_LIBRARY = "compiler-default";
				CLANG_ENABLE_OBJC_ARC = YES;
				CLANG_WARN_EMPTY_BODY = YES;
				CLANG_WARN__DUPLICATE_METHOD_MATCH = YES;
				COPY_PHASE_STRIP = YES;
				DEBUG_INFORMATION_FORMAT = "dwarf-with-dsym";
				GCC_C_LANGUAGE_STANDARD = gnu99;
				GCC_ENABLE_OBJC_EXCEPTIONS = YES;
				GCC_VERSION = com.apple.compilers.llvm.clang.1_0;
				GCC_WARN_64_TO_32_BIT_CONVERSION = YES;
				GCC_WARN_ABOUT_RETURN_TYPE = YES;
				GCC_WARN_UNINITIALIZED_AUTOS = YES;
				GCC_WARN_UNUSED_VARIABLE = YES;
				MACOSX_DEPLOYMENT_TARGET = "";
				SDKROOT = macosx;
			};
			name = Release;
		};
		21B3D6BC1691AB74001F9EEE /* Debug */ = {
			isa = XCBuildConfiguration;
			buildSettings = {
				PRODUCT_NAME = "$(TARGET_NAME)";
			};
			name = Debug;
		};
		21B3D6BD1691AB74001F9EEE /* Release */ = {
			isa = XCBuildConfiguration;
			buildSettings = {
				PRODUCT_NAME = "$(TARGET_NAME)";
			};
			name = Release;
		};
/* End XCBuildConfiguration section */

/* Begin XCConfigurationList section */
		21B3D6AB1691AB73001F9EEE /* Build configuration list for PBXProject "machofile" */ = {
			isa = XCConfigurationList;
			buildConfigurations = (
				21B3D6B91691AB73001F9EEE /* Debug */,
				21B3D6BA1691AB73001F9EEE /* Release */,
			);
			defaultConfigurationIsVisible = 0;
			defaultConfigurationName = Release;
		};
		21B3D6BB1691AB74001F9EEE /* Build configuration list for PBXNativeTarget "machofile" */ = {
			isa = XCConfigurationList;
			buildConfigurations = (
				21B3D6BC1691AB74001F9EEE /* Debug */,
				21B3D6BD1691AB74001F9EEE /* Release */,
			);
			defaultConfigurationIsVisible = 0;
			defaultConfigurationName = Release;
		};
/* End XCConfigurationList section */
	};
	rootObject = 21B3D6A81691AB73001F9EEE /* Project object */;
}
